
Microsoft Visual Studio Solution File, Format Version 12.00
# Visual Studio 15
VisualStudioVersion = 15.0.28307.329
MinimumVisualStudioVersion = 10.0.40219.1
Project("{FAE04EC0-301F-11D3-BF4B-00C04F79EFBC}") = "abalkan", "abalkan\abalkan.csproj", "{8B2250AE-04FF-4288-9AA4-873C7009A3D4}"
EndProject
Global
	GlobalSection(SolutionConfigurationPlatforms) = preSolution
		Debug|Any CPU = Debug|Any CPU
		Release|Any CPU = Release|Any CPU
	EndGlobalSection
	GlobalSection(ProjectConfigurationPlatforms) = postSolution
		{8B2250AE-04FF-4288-9AA4-873C7009A3D4}.Debug|Any CPU.ActiveCfg = Debug|Any CPU
		{8B2250AE-04FF-4288-9AA4-873C7009A3D4}.Debug|Any CPU.Build.0 = Debug|Any CPU
		{8B2250AE-04FF-4288-9AA4-873C7009A3D4}.Release|Any CPU.ActiveCfg = Release|Any CPU
		{8B2250AE-04FF-4288-9AA4-873C7009A3D4}.Release|Any CPU.Build.0 = Release|Any CPU
	EndGlobalSection
	GlobalSection(SolutionProperties) = preSolution
		HideSolutionNode = FALSE
	EndGlobalSection
	GlobalSection(ExtensibilityGlobals) = postSolution
		SolutionGuid = {BF8CB4D7-9C9F-46CA-8FE4-D3D4718C6569}
	EndGlobalSection
EndGlobal
